
Microsoft Visual Studio Solution File, Format Version 12.00
# Visual Studio Version 17
VisualStudioVersion = 17.8.34330.188
MinimumVisualStudioVersion = 10.0.40219.1
Project("{9A19103F-16F7-4668-BE54-9A1E7A4F7556}") = "TaskManagementAPI", "TaskManagementAPI\TaskManagementAPI.csproj", "{8F427339-8EE8-418C-9638-6BF5FEC4A8FE}"
EndProject
Project("{2150E333-8FDC-42A3-9474-1A3956D46DE8}") = "src", "src", "{782C239F-E9D8-479C-AA02-72F2CD57A932}"
EndProject
Project("{2150E333-8FDC-42A3-9474-1A3956D46DE8}") = "core", "core", "{1E574DBF-BDFC-4E03-86E7-F81FED20181C}"
EndProject
Project("{2150E333-8FDC-42A3-9474-1A3956D46DE8}") = "infraestructure", "infraestructure", "{4BAEAAEF-EFED-473D-8CBC-AAFDA0A066D0}"
EndProject
Project("{FAE04EC0-301F-11D3-BF4B-00C04F79EFBC}") = "Application", "Application\Application.csproj", "{89ED65A4-F936-4F85-A3F8-F86AD082775F}"
EndProject
Project("{FAE04EC0-301F-11D3-BF4B-00C04F79EFBC}") = "Domain", "Domain\Domain.csproj", "{26DDF52C-FA60-436C-8B6A-BD3A51ED96FA}"
EndProject
Project("{FAE04EC0-301F-11D3-BF4B-00C04F79EFBC}") = "Persistence", "Persistence\Persistence.csproj", "{107007EA-73A1-4BB1-935F-61224AA1403A}"
EndProject
Project("{2150E333-8FDC-42A3-9474-1A3956D46DE8}") = "tests", "tests", "{61450279-5341-432E-A3FB-6A53B0637D31}"
EndProject
Project("{FAE04EC0-301F-11D3-BF4B-00C04F79EFBC}") = "UnitTests", "UnitTests\UnitTests.csproj", "{84A24CD2-A851-4E55-AB99-A9B7D0EA2B3A}"
EndProject
Global
	GlobalSection(SolutionConfigurationPlatforms) = preSolution
		Debug|Any CPU = Debug|Any CPU
		Release|Any CPU = Release|Any CPU
	EndGlobalSection
	GlobalSection(ProjectConfigurationPlatforms) = postSolution
		{8F427339-8EE8-418C-9638-6BF5FEC4A8FE}.Debug|Any CPU.ActiveCfg = Debug|Any CPU
		{8F427339-8EE8-418C-9638-6BF5FEC4A8FE}.Debug|Any CPU.Build.0 = Debug|Any CPU
		{8F427339-8EE8-418C-9638-6BF5FEC4A8FE}.Release|Any CPU.ActiveCfg = Release|Any CPU
		{8F427339-8EE8-418C-9638-6BF5FEC4A8FE}.Release|Any CPU.Build.0 = Release|Any CPU
		{89ED65A4-F936-4F85-A3F8-F86AD082775F}.Debug|Any CPU.ActiveCfg = Debug|Any CPU
		{89ED65A4-F936-4F85-A3F8-F86AD082775F}.Debug|Any CPU.Build.0 = Debug|Any CPU
		{89ED65A4-F936-4F85-A3F8-F86AD082775F}.Release|Any CPU.ActiveCfg = Release|Any CPU
		{89ED65A4-F936-4F85-A3F8-F86AD082775F}.Release|Any CPU.Build.0 = Release|Any CPU
		{26DDF52C-FA60-436C-8B6A-BD3A51ED96FA}.Debug|Any CPU.ActiveCfg = Debug|Any CPU
		{26DDF52C-FA60-436C-8B6A-BD3A51ED96FA}.Debug|Any CPU.Build.0 = Debug|Any CPU
		{26DDF52C-FA60-436C-8B6A-BD3A51ED96FA}.Release|Any CPU.ActiveCfg = Release|Any CPU
		{26DDF52C-FA60-436C-8B6A-BD3A51ED96FA}.Release|Any CPU.Build.0 = Release|Any CPU
		{107007EA-73A1-4BB1-935F-61224AA1403A}.Debug|Any CPU.ActiveCfg = Debug|Any CPU
		{107007EA-73A1-4BB1-935F-61224AA1403A}.Debug|Any CPU.Build.0 = Debug|Any CPU
		{107007EA-73A1-4BB1-935F-61224AA1403A}.Release|Any CPU.ActiveCfg = Release|Any CPU
		{107007EA-73A1-4BB1-935F-61224AA1403A}.Release|Any CPU.Build.0 = Release|Any CPU
		{84A24CD2-A851-4E55-AB99-A9B7D0EA2B3A}.Debug|Any CPU.ActiveCfg = Debug|Any CPU
		{84A24CD2-A851-4E55-AB99-A9B7D0EA2B3A}.Debug|Any CPU.Build.0 = Debug|Any CPU
		{84A24CD2-A851-4E55-AB99-A9B7D0EA2B3A}.Release|Any CPU.ActiveCfg = Release|Any CPU
		{84A24CD2-A851-4E55-AB99-A9B7D0EA2B3A}.Release|Any CPU.Build.0 = Release|Any CPU
	EndGlobalSection
	GlobalSection(SolutionProperties) = preSolution
		HideSolutionNode = FALSE
	EndGlobalSection
	GlobalSection(NestedProjects) = preSolution
		{8F427339-8EE8-418C-9638-6BF5FEC4A8FE} = {782C239F-E9D8-479C-AA02-72F2CD57A932}
		{1E574DBF-BDFC-4E03-86E7-F81FED20181C} = {782C239F-E9D8-479C-AA02-72F2CD57A932}
		{4BAEAAEF-EFED-473D-8CBC-AAFDA0A066D0} = {782C239F-E9D8-479C-AA02-72F2CD57A932}
		{89ED65A4-F936-4F85-A3F8-F86AD082775F} = {1E574DBF-BDFC-4E03-86E7-F81FED20181C}
		{26DDF52C-FA60-436C-8B6A-BD3A51ED96FA} = {1E574DBF-BDFC-4E03-86E7-F81FED20181C}
		{107007EA-73A1-4BB1-935F-61224AA1403A} = {4BAEAAEF-EFED-473D-8CBC-AAFDA0A066D0}
		{84A24CD2-A851-4E55-AB99-A9B7D0EA2B3A} = {61450279-5341-432E-A3FB-6A53B0637D31}
	EndGlobalSection
	GlobalSection(ExtensibilityGlobals) = postSolution
		SolutionGuid = {941826CB-B1E8-4CA2-BE6C-8A47C640B0EB}
	EndGlobalSection
EndGlobal
